
Microsoft Visual Studio Solution File, Format Version 12.00
# Visual Studio 15
VisualStudioVersion = 15.0.27703.2026
MinimumVisualStudioVersion = 10.0.40219.1
Project("{FAE04EC0-301F-11D3-BF4B-00C04F79EFBC}") = "WebApp", "WebApp\WebApp.csproj", "{43D73B67-9F28-4C2A-BB04-E1A4C178E0B9}"
EndProject
Global
	GlobalSection(SolutionConfigurationPlatforms) = preSolution
		Debug|Any CPU = Debug|Any CPU
		Release|Any CPU = Release|Any CPU
	EndGlobalSection
	GlobalSection(ProjectConfigurationPlatforms) = postSolution
		{43D73B67-9F28-4C2A-BB04-E1A4C178E0B9}.Debug|Any CPU.ActiveCfg = Debug|Any CPU
		{43D73B67-9F28-4C2A-BB04-E1A4C178E0B9}.Debug|Any CPU.Build.0 = Debug|Any CPU
		{43D73B67-9F28-4C2A-BB04-E1A4C178E0B9}.Release|Any CPU.ActiveCfg = Release|Any CPU
		{43D73B67-9F28-4C2A-BB04-E1A4C178E0B9}.Release|Any CPU.Build.0 = Release|Any CPU
	EndGlobalSection
	GlobalSection(SolutionProperties) = preSolution
		HideSolutionNode = FALSE
	EndGlobalSection
	GlobalSection(ExtensibilityGlobals) = postSolution
		SolutionGuid = {DEA26119-677A-49BB-8691-7632F44061C2}
	EndGlobalSection
EndGlobal
